
Microsoft Visual Studio Solution File, Format Version 12.00
# Visual Studio Version 16
VisualStudioVersion = 16.0.31702.278
MinimumVisualStudioVersion = 10.0.40219.1
Project("{FAE04EC0-301F-11D3-BF4B-00C04F79EFBC}") = "WebApplication", "WebApplication\WebApplication.csproj", "{0E90F5ED-52E0-4C6A-B151-7DE5F311AE4E}"
EndProject
Global
	GlobalSection(SolutionConfigurationPlatforms) = preSolution
		Debug|Any CPU = Debug|Any CPU
		Release|Any CPU = Release|Any CPU
	EndGlobalSection
	GlobalSection(ProjectConfigurationPlatforms) = postSolution
		{0E90F5ED-52E0-4C6A-B151-7DE5F311AE4E}.Debug|Any CPU.ActiveCfg = Debug|Any CPU
		{0E90F5ED-52E0-4C6A-B151-7DE5F311AE4E}.Debug|Any CPU.Build.0 = Debug|Any CPU
		{0E90F5ED-52E0-4C6A-B151-7DE5F311AE4E}.Release|Any CPU.ActiveCfg = Release|Any CPU
		{0E90F5ED-52E0-4C6A-B151-7DE5F311AE4E}.Release|Any CPU.Build.0 = Release|Any CPU
	EndGlobalSection
	GlobalSection(SolutionProperties) = preSolution
		HideSolutionNode = FALSE
	EndGlobalSection
	GlobalSection(ExtensibilityGlobals) = postSolution
		SolutionGuid = {A40683E2-E6F7-40E8-9501-9AA14107C0F6}
	EndGlobalSection
EndGlobal
